
Microsoft Visual Studio Solution File, Format Version 12.00
# Visual Studio Version 17
VisualStudioVersion = 17.3.32922.545
MinimumVisualStudioVersion = 10.0.40219.1
Project("{FAE04EC0-301F-11D3-BF4B-00C04F79EFBC}") = "JeuDeCombat", "JeuDeCombat\JeuDeCombat.csproj", "{8278C2E2-26C7-4832-A928-9B0E5918E052}"
EndProject
Global
	GlobalSection(SolutionConfigurationPlatforms) = preSolution
		Debug|Any CPU = Debug|Any CPU
		Release|Any CPU = Release|Any CPU
	EndGlobalSection
	GlobalSection(ProjectConfigurationPlatforms) = postSolution
		{8278C2E2-26C7-4832-A928-9B0E5918E052}.Debug|Any CPU.ActiveCfg = Debug|Any CPU
		{8278C2E2-26C7-4832-A928-9B0E5918E052}.Debug|Any CPU.Build.0 = Debug|Any CPU
		{8278C2E2-26C7-4832-A928-9B0E5918E052}.Release|Any CPU.ActiveCfg = Release|Any CPU
		{8278C2E2-26C7-4832-A928-9B0E5918E052}.Release|Any CPU.Build.0 = Release|Any CPU
	EndGlobalSection
	GlobalSection(SolutionProperties) = preSolution
		HideSolutionNode = FALSE
	EndGlobalSection
	GlobalSection(ExtensibilityGlobals) = postSolution
		SolutionGuid = {94B619FB-982D-49C5-A328-AA2C6B7E831B}
	EndGlobalSection
EndGlobal
