
Microsoft Visual Studio Solution File, Format Version 12.00
# Visual Studio Version 17
VisualStudioVersion = 17.3.32922.545
MinimumVisualStudioVersion = 10.0.40219.1
Project("{9A19103F-16F7-4668-BE54-9A1E7A4F7556}") = "JeuDeCombat", "JeuDeCombat.csproj", "{05C252CF-354D-44F2-BA9F-BBF6CF1A9104}"
EndProject
Global
	GlobalSection(SolutionConfigurationPlatforms) = preSolution
		Debug|Any CPU = Debug|Any CPU
		Release|Any CPU = Release|Any CPU
	EndGlobalSection
	GlobalSection(ProjectConfigurationPlatforms) = postSolution
		{05C252CF-354D-44F2-BA9F-BBF6CF1A9104}.Debug|Any CPU.ActiveCfg = Debug|Any CPU
		{05C252CF-354D-44F2-BA9F-BBF6CF1A9104}.Debug|Any CPU.Build.0 = Debug|Any CPU
		{05C252CF-354D-44F2-BA9F-BBF6CF1A9104}.Release|Any CPU.ActiveCfg = Release|Any CPU
		{05C252CF-354D-44F2-BA9F-BBF6CF1A9104}.Release|Any CPU.Build.0 = Release|Any CPU
	EndGlobalSection
	GlobalSection(SolutionProperties) = preSolution
		HideSolutionNode = FALSE
	EndGlobalSection
	GlobalSection(ExtensibilityGlobals) = postSolution
		SolutionGuid = {89661546-7D32-4B50-A466-DD74C7F5DF92}
	EndGlobalSection
EndGlobal
